
Microsoft Visual Studio Solution File, Format Version 12.00
# Visual Studio Version 16
VisualStudioVersion = 16.0.31729.503
MinimumVisualStudioVersion = 10.0.40219.1
Project("{FAE04EC0-301F-11D3-BF4B-00C04F79EFBC}") = "WinForms-DAO-DTO-Singleton", "WinForms-DAO-DTO-Singleton\WinForms-DAO-DTO-Singleton.csproj", "{C078A56A-2817-41B4-A005-06EA9964547D}"
EndProject
Global
	GlobalSection(SolutionConfigurationPlatforms) = preSolution
		Debug|Any CPU = Debug|Any CPU
		Release|Any CPU = Release|Any CPU
	EndGlobalSection
	GlobalSection(ProjectConfigurationPlatforms) = postSolution
		{C078A56A-2817-41B4-A005-06EA9964547D}.Debug|Any CPU.ActiveCfg = Debug|Any CPU
		{C078A56A-2817-41B4-A005-06EA9964547D}.Debug|Any CPU.Build.0 = Debug|Any CPU
		{C078A56A-2817-41B4-A005-06EA9964547D}.Release|Any CPU.ActiveCfg = Release|Any CPU
		{C078A56A-2817-41B4-A005-06EA9964547D}.Release|Any CPU.Build.0 = Release|Any CPU
	EndGlobalSection
	GlobalSection(SolutionProperties) = preSolution
		HideSolutionNode = FALSE
	EndGlobalSection
	GlobalSection(ExtensibilityGlobals) = postSolution
		SolutionGuid = {14F68517-8B9B-4550-9877-56FBBD6810A7}
	EndGlobalSection
EndGlobal
